{
  "lockfileVersion": 1,
  "workspaces": {
    "": {
      "name": "homecenter-be",
      "dependencies": {
        "hono": "^4.7.5",
      },
    },
  },
  "packages": {
    "hono": ["hono@4.7.5", "", {}, "sha512-fDOK5W2C1vZACsgLONigdZTRZxuBqFtcKh7bUQ5cVSbwI2RWjloJDcgFOVzbQrlI6pCmhlTsVYZ7zpLj4m4qMQ=="],
  }
}
