{
  "lockfileVersion": 1,
  "configVersion": 0,
  "workspaces": {
    "": {
      "name": "homecenter-be",
      "dependencies": {
        "hono": "^4.10.3",
      },
    },
  },
  "packages": {
    "hono": ["hono@4.10.3", "", {}, "sha512-2LOYWUbnhdxdL8MNbNg9XZig6k+cZXm5IjHn2Aviv7honhBMOHb+jxrKIeJRZJRmn+htUCKhaicxwXuUDlchRA=="],
  }
}
